
Microsoft Visual Studio Solution File, Format Version 12.00
# Visual Studio Version 17
VisualStudioVersion = 17.10.35027.167
MinimumVisualStudioVersion = 10.0.40219.1
Project("{FAE04EC0-301F-11D3-BF4B-00C04F79EFBC}") = "Week4Closing", "Week4Closing.csproj", "{9A455B21-E5F8-4CF0-9095-2947CB2DBFE8}"
EndProject
Global
	GlobalSection(SolutionConfigurationPlatforms) = preSolution
		Debug|Any CPU = Debug|Any CPU
		Release|Any CPU = Release|Any CPU
	EndGlobalSection
	GlobalSection(ProjectConfigurationPlatforms) = postSolution
		{9A455B21-E5F8-4CF0-9095-2947CB2DBFE8}.Debug|Any CPU.ActiveCfg = Debug|Any CPU
		{9A455B21-E5F8-4CF0-9095-2947CB2DBFE8}.Debug|Any CPU.Build.0 = Debug|Any CPU
		{9A455B21-E5F8-4CF0-9095-2947CB2DBFE8}.Release|Any CPU.ActiveCfg = Release|Any CPU
		{9A455B21-E5F8-4CF0-9095-2947CB2DBFE8}.Release|Any CPU.Build.0 = Release|Any CPU
	EndGlobalSection
	GlobalSection(SolutionProperties) = preSolution
		HideSolutionNode = FALSE
	EndGlobalSection
	GlobalSection(ExtensibilityGlobals) = postSolution
		SolutionGuid = {0BFBD846-916E-41D0-AF7C-735D6262B023}
	EndGlobalSection
EndGlobal
